hash: d2ec4407217c5457f2135d8b805c231fa82babfe0d7e8bd4ee11cf193acfdb1c
updated: 2018-05-23T12:50:51.998275+07:00
imports:
- name: github.com/masaruz/engine-lib
  version: 83af9462e3d111d64289148072f29dded57b640a
  subpackages:
  - common
  - core
- name: github.com/phayes/freeport
  version: b8543db493a5ed890c5499e935e2cad7504f3a04
testImports: []
