hash: 76607531510946427ec197b80bb0421a6c75428eaca09268133ceeff8c67559f
updated: 2018-05-16T18:00:13.156015+07:00
imports:
- name: github.com/masaruz/engine-lib
  version: 4bcaf70d1553d58a44ae46599cdfebd3da465753
  subpackages:
  - core
- name: github.com/phayes/freeport
  version: b8543db493a5ed890c5499e935e2cad7504f3a04
testImports: []
